Microsoft Visual Studio Solution File, Format Version 12.00
# Visual Studio Version 18
VisualStudioVersion = 18.7.11919.86 stable
MinimumVisualStudioVersion = 10.0.40219.1
Project("{2150E333-8FDC-42A3-9474-1A3956D46DE8}") = "SharedKernel", "SharedKernel", "{A0000000-0000-0000-0000-000000000001}"
EndProject
Project("{9A19103F-16F7-4668-BE54-9A1E7A4F7556}") = "HiMentor.SharedKernel.Domain", "SharedKernel\HiMentor.SharedKernel.Domain\HiMentor.SharedKernel.Domain.csproj", "{B0000000-0000-0000-0000-000000000001}"
EndProject
Project("{9A19103F-16F7-4668-BE54-9A1E7A4F7556}") = "HiMentor.SharedKernel.Application", "SharedKernel\HiMentor.SharedKernel.Application\HiMentor.SharedKernel.Application.csproj", "{B0000000-0000-0000-0000-000000000002}"
EndProject
Project("{9A19103F-16F7-4668-BE54-9A1E7A4F7556}") = "HiMentor.SharedKernel.Infrastructure", "SharedKernel\HiMentor.SharedKernel.Infrastructure\HiMentor.SharedKernel.Infrastructure.csproj", "{B0000000-0000-0000-0000-000000000003}"
EndProject
Project("{2150E333-8FDC-42A3-9474-1A3956D46DE8}") = "Modules", "Modules", "{A0000000-0000-0000-0000-000000000002}"
EndProject
Project("{2150E333-8FDC-42A3-9474-1A3956D46DE8}") = "IdentidadeAcesso", "IdentidadeAcesso", "{A0000000-0000-0000-0000-000000000003}"
EndProject
Project("{9A19103F-16F7-4668-BE54-9A1E7A4F7556}") = "HiMentor.IdentidadeAcesso.Domain", "Modules\IdentidadeAcesso\HiMentor.IdentidadeAcesso.Domain\HiMentor.IdentidadeAcesso.Domain.csproj", "{C0000000-0000-0000-0000-000000000001}"
EndProject
Project("{9A19103F-16F7-4668-BE54-9A1E7A4F7556}") = "HiMentor.IdentidadeAcesso.Application", "Modules\IdentidadeAcesso\HiMentor.IdentidadeAcesso.Application\HiMentor.IdentidadeAcesso.Application.csproj", "{C0000000-0000-0000-0000-000000000002}"
EndProject
Project("{9A19103F-16F7-4668-BE54-9A1E7A4F7556}") = "HiMentor.IdentidadeAcesso.Infrastructure", "Modules\IdentidadeAcesso\HiMentor.IdentidadeAcesso.Infrastructure\HiMentor.IdentidadeAcesso.Infrastructure.csproj", "{C0000000-0000-0000-0000-000000000003}"
EndProject
Project("{9A19103F-16F7-4668-BE54-9A1E7A4F7556}") = "HiMentor.IdentidadeAcesso.Api", "Modules\IdentidadeAcesso\HiMentor.IdentidadeAcesso.Api\HiMentor.IdentidadeAcesso.Api.csproj", "{C0000000-0000-0000-0000-000000000004}"
EndProject
Project("{2150E333-8FDC-42A3-9474-1A3956D46DE8}") = "Catalog", "Catalog", "{A0000000-0000-0000-0000-000000000005}"
EndProject
Project("{9A19103F-16F7-4668-BE54-9A1E7A4F7556}") = "HiMentor.Catalog.Domain", "Modules\Catalog\HiMentor.Catalog.Domain\HiMentor.Catalog.Domain.csproj", "{E0000000-0000-0000-0000-000000000001}"
EndProject
Project("{9A19103F-16F7-4668-BE54-9A1E7A4F7556}") = "HiMentor.Catalog.Application", "Modules\Catalog\HiMentor.Catalog.Application\HiMentor.Catalog.Application.csproj", "{E0000000-0000-0000-0000-000000000002}"
EndProject
Project("{9A19103F-16F7-4668-BE54-9A1E7A4F7556}") = "HiMentor.Catalog.Infrastructure", "Modules\Catalog\HiMentor.Catalog.Infrastructure\HiMentor.Catalog.Infrastructure.csproj", "{E0000000-0000-0000-0000-000000000003}"
EndProject
Project("{9A19103F-16F7-4668-BE54-9A1E7A4F7556}") = "HiMentor.Catalog.Api", "Modules\Catalog\HiMentor.Catalog.Api\HiMentor.Catalog.Api.csproj", "{E0000000-0000-0000-0000-000000000004}"
EndProject
Project("{2150E333-8FDC-42A3-9474-1A3956D46DE8}") = "Learning", "Learning", "{A0000000-0000-0000-0000-000000000006}"
EndProject
Project("{9A19103F-16F7-4668-BE54-9A1E7A4F7556}") = "HiMentor.Learning.Domain", "Modules\Learning\HiMentor.Learning.Domain\HiMentor.Learning.Domain.csproj", "{F0000000-0000-0000-0000-000000000001}"
EndProject
Project("{9A19103F-16F7-4668-BE54-9A1E7A4F7556}") = "HiMentor.Learning.Application", "Modules\Learning\HiMentor.Learning.Application\HiMentor.Learning.Application.csproj", "{F0000000-0000-0000-0000-000000000002}"
EndProject
Project("{9A19103F-16F7-4668-BE54-9A1E7A4F7556}") = "HiMentor.Learning.Infrastructure", "Modules\Learning\HiMentor.Learning.Infrastructure\HiMentor.Learning.Infrastructure.csproj", "{F0000000-0000-0000-0000-000000000003}"
EndProject
Project("{9A19103F-16F7-4668-BE54-9A1E7A4F7556}") = "HiMentor.Learning.Api", "Modules\Learning\HiMentor.Learning.Api\HiMentor.Learning.Api.csproj", "{F0000000-0000-0000-0000-000000000004}"
EndProject
Project("{2150E333-8FDC-42A3-9474-1A3956D46DE8}") = "Journey", "Journey", "{A0000000-0000-0000-0000-000000000007}"
EndProject
Project("{9A19103F-16F7-4668-BE54-9A1E7A4F7556}") = "HiMentor.Journey.Domain", "Modules\Journey\HiMentor.Journey.Domain\HiMentor.Journey.Domain.csproj", "{10000000-0000-0000-0000-000000000001}"
EndProject
Project("{9A19103F-16F7-4668-BE54-9A1E7A4F7556}") = "HiMentor.Journey.Application", "Modules\Journey\HiMentor.Journey.Application\HiMentor.Journey.Application.csproj", "{10000000-0000-0000-0000-000000000002}"
EndProject
Project("{9A19103F-16F7-4668-BE54-9A1E7A4F7556}") = "HiMentor.Journey.Infrastructure", "Modules\Journey\HiMentor.Journey.Infrastructure\HiMentor.Journey.Infrastructure.csproj", "{10000000-0000-0000-0000-000000000003}"
EndProject
Project("{9A19103F-16F7-4668-BE54-9A1E7A4F7556}") = "HiMentor.Journey.Api", "Modules\Journey\HiMentor.Journey.Api\HiMentor.Journey.Api.csproj", "{10000000-0000-0000-0000-000000000004}"
EndProject
Project("{2150E333-8FDC-42A3-9474-1A3956D46DE8}") = "Sales", "Sales", "{A0000000-0000-0000-0000-000000000008}"
EndProject
Project("{9A19103F-16F7-4668-BE54-9A1E7A4F7556}") = "HiMentor.Sales.Domain", "Modules\Sales\HiMentor.Sales.Domain\HiMentor.Sales.Domain.csproj", "{11000000-0000-0000-0000-000000000001}"
EndProject
Project("{9A19103F-16F7-4668-BE54-9A1E7A4F7556}") = "HiMentor.Sales.Application", "Modules\Sales\HiMentor.Sales.Application\HiMentor.Sales.Application.csproj", "{11000000-0000-0000-0000-000000000002}"
EndProject
Project("{9A19103F-16F7-4668-BE54-9A1E7A4F7556}") = "HiMentor.Sales.Infrastructure", "Modules\Sales\HiMentor.Sales.Infrastructure\HiMentor.Sales.Infrastructure.csproj", "{11000000-0000-0000-0000-000000000003}"
EndProject
Project("{9A19103F-16F7-4668-BE54-9A1E7A4F7556}") = "HiMentor.Sales.Api", "Modules\Sales\HiMentor.Sales.Api\HiMentor.Sales.Api.csproj", "{11000000-0000-0000-0000-000000000004}"
EndProject
Project("{2150E333-8FDC-42A3-9474-1A3956D46DE8}") = "Channel", "Channel", "{A0000000-0000-0000-0000-000000000009}"
EndProject
Project("{9A19103F-16F7-4668-BE54-9A1E7A4F7556}") = "HiMentor.Channel.Domain", "Modules\Channel\HiMentor.Channel.Domain\HiMentor.Channel.Domain.csproj", "{12000000-0000-0000-0000-000000000001}"
EndProject
Project("{9A19103F-16F7-4668-BE54-9A1E7A4F7556}") = "HiMentor.Channel.Application", "Modules\Channel\HiMentor.Channel.Application\HiMentor.Channel.Application.csproj", "{12000000-0000-0000-0000-000000000002}"
EndProject
Project("{9A19103F-16F7-4668-BE54-9A1E7A4F7556}") = "HiMentor.Channel.Infrastructure", "Modules\Channel\HiMentor.Channel.Infrastructure\HiMentor.Channel.Infrastructure.csproj", "{12000000-0000-0000-0000-000000000003}"
EndProject
Project("{9A19103F-16F7-4668-BE54-9A1E7A4F7556}") = "HiMentor.Channel.Api", "Modules\Channel\HiMentor.Channel.Api\HiMentor.Channel.Api.csproj", "{12000000-0000-0000-0000-000000000004}"
EndProject
Project("{2150E333-8FDC-42A3-9474-1A3956D46DE8}") = "Growth", "Growth", "{A0000000-0000-0000-0000-00000000000A}"
EndProject
Project("{9A19103F-16F7-4668-BE54-9A1E7A4F7556}") = "HiMentor.Growth.Domain", "Modules\Growth\HiMentor.Growth.Domain\HiMentor.Growth.Domain.csproj", "{13000000-0000-0000-0000-000000000001}"
EndProject
Project("{2150E333-8FDC-42A3-9474-1A3956D46DE8}") = "Streaming", "Streaming", "{A0000000-0000-0000-0000-00000000000B}"
EndProject
Project("{9A19103F-16F7-4668-BE54-9A1E7A4F7556}") = "HiMentor.Streaming.Domain", "Modules\Streaming\HiMentor.Streaming.Domain\HiMentor.Streaming.Domain.csproj", "{14000000-0000-0000-0000-000000000001}"
EndProject
Project("{9A19103F-16F7-4668-BE54-9A1E7A4F7556}") = "HiMentor.Streaming.Application", "Modules\Streaming\HiMentor.Streaming.Application\HiMentor.Streaming.Application.csproj", "{14000000-0000-0000-0000-000000000002}"
EndProject
Project("{9A19103F-16F7-4668-BE54-9A1E7A4F7556}") = "HiMentor.Streaming.Infrastructure", "Modules\Streaming\HiMentor.Streaming.Infrastructure\HiMentor.Streaming.Infrastructure.csproj", "{14000000-0000-0000-0000-000000000003}"
EndProject
Project("{9A19103F-16F7-4668-BE54-9A1E7A4F7556}") = "HiMentor.Streaming.Api", "Modules\Streaming\HiMentor.Streaming.Api\HiMentor.Streaming.Api.csproj", "{14000000-0000-0000-0000-000000000004}"
EndProject
Project("{2150E333-8FDC-42A3-9474-1A3956D46DE8}") = "Finance", "Finance", "{A0000000-0000-0000-0000-00000000000C}"
EndProject
Project("{9A19103F-16F7-4668-BE54-9A1E7A4F7556}") = "HiMentor.Finance.Domain", "Modules\Finance\HiMentor.Finance.Domain\HiMentor.Finance.Domain.csproj", "{15000000-0000-0000-0000-000000000001}"
EndProject
Project("{9A19103F-16F7-4668-BE54-9A1E7A4F7556}") = "HiMentor.Finance.Application", "Modules\Finance\HiMentor.Finance.Application\HiMentor.Finance.Application.csproj", "{15000000-0000-0000-0000-000000000002}"
EndProject
Project("{9A19103F-16F7-4668-BE54-9A1E7A4F7556}") = "HiMentor.Finance.Infrastructure", "Modules\Finance\HiMentor.Finance.Infrastructure\HiMentor.Finance.Infrastructure.csproj", "{15000000-0000-0000-0000-000000000003}"
EndProject
Project("{9A19103F-16F7-4668-BE54-9A1E7A4F7556}") = "HiMentor.Finance.Api", "Modules\Finance\HiMentor.Finance.Api\HiMentor.Finance.Api.csproj", "{15000000-0000-0000-0000-000000000004}"
EndProject
Project("{2150E333-8FDC-42A3-9474-1A3956D46DE8}") = "Payout", "Payout", "{A0000000-0000-0000-0000-00000000000D}"
EndProject
Project("{9A19103F-16F7-4668-BE54-9A1E7A4F7556}") = "HiMentor.Payout.Domain", "Modules\Payout\HiMentor.Payout.Domain\HiMentor.Payout.Domain.csproj", "{16000000-0000-0000-0000-000000000001}"
EndProject
Project("{9A19103F-16F7-4668-BE54-9A1E7A4F7556}") = "HiMentor.Payout.Application", "Modules\Payout\HiMentor.Payout.Application\HiMentor.Payout.Application.csproj", "{16000000-0000-0000-0000-000000000002}"
EndProject
Project("{9A19103F-16F7-4668-BE54-9A1E7A4F7556}") = "HiMentor.Payout.Infrastructure", "Modules\Payout\HiMentor.Payout.Infrastructure\HiMentor.Payout.Infrastructure.csproj", "{16000000-0000-0000-0000-000000000003}"
EndProject
Project("{9A19103F-16F7-4668-BE54-9A1E7A4F7556}") = "HiMentor.Payout.Api", "Modules\Payout\HiMentor.Payout.Api\HiMentor.Payout.Api.csproj", "{16000000-0000-0000-0000-000000000004}"
EndProject
Project("{2150E333-8FDC-42A3-9474-1A3956D46DE8}") = "CreatorStudio", "CreatorStudio", "{A0000000-0000-0000-0000-00000000000E}"
EndProject
Project("{9A19103F-16F7-4668-BE54-9A1E7A4F7556}") = "HiMentor.CreatorStudio.Domain", "Modules\CreatorStudio\HiMentor.CreatorStudio.Domain\HiMentor.CreatorStudio.Domain.csproj", "{17000000-0000-0000-0000-000000000001}"
EndProject
Project("{9A19103F-16F7-4668-BE54-9A1E7A4F7556}") = "HiMentor.CreatorStudio.Application", "Modules\CreatorStudio\HiMentor.CreatorStudio.Application\HiMentor.CreatorStudio.Application.csproj", "{17000000-0000-0000-0000-000000000002}"
EndProject
Project("{9A19103F-16F7-4668-BE54-9A1E7A4F7556}") = "HiMentor.CreatorStudio.Infrastructure", "Modules\CreatorStudio\HiMentor.CreatorStudio.Infrastructure\HiMentor.CreatorStudio.Infrastructure.csproj", "{17000000-0000-0000-0000-000000000003}"
EndProject
Project("{9A19103F-16F7-4668-BE54-9A1E7A4F7556}") = "HiMentor.CreatorStudio.Api", "Modules\CreatorStudio\HiMentor.CreatorStudio.Api\HiMentor.CreatorStudio.Api.csproj", "{17000000-0000-0000-0000-000000000004}"
EndProject
Project("{2150E333-8FDC-42A3-9474-1A3956D46DE8}") = "Host", "Host", "{A0000000-0000-0000-0000-000000000004}"
EndProject
Project("{9A19103F-16F7-4668-BE54-9A1E7A4F7556}") = "HiMentor.Host.Api", "Host\HiMentor.Host.Api\HiMentor.Host.Api.csproj", "{D0000000-0000-0000-0000-000000000001}"
EndProject
Project("{2150E333-8FDC-42A3-9474-1A3956D46DE8}") = "tests", "tests", "{A0000000-0000-0000-0000-00000000000F}"
EndProject
Project("{9A19103F-16F7-4668-BE54-9A1E7A4F7556}") = "HiMentor.Finance.Tests", "tests\HiMentor.Finance.Tests\HiMentor.Finance.Tests.csproj", "{18000000-0000-0000-0000-000000000001}"
EndProject
Global
	GlobalSection(SolutionConfigurationPlatforms) = preSolution
		Debug|Any CPU = Debug|Any CPU
		Release|Any CPU = Release|Any CPU
	EndGlobalSection
	GlobalSection(ProjectConfigurationPlatforms) = postSolution
		{B0000000-0000-0000-0000-000000000001}.Debug|Any CPU.ActiveCfg = Debug|Any CPU
		{B0000000-0000-0000-0000-000000000001}.Debug|Any CPU.Build.0 = Debug|Any CPU
		{B0000000-0000-0000-0000-000000000001}.Release|Any CPU.ActiveCfg = Release|Any CPU
		{B0000000-0000-0000-0000-000000000001}.Release|Any CPU.Build.0 = Release|Any CPU
		{B0000000-0000-0000-0000-000000000002}.Debug|Any CPU.ActiveCfg = Debug|Any CPU
		{B0000000-0000-0000-0000-000000000002}.Debug|Any CPU.Build.0 = Debug|Any CPU
		{B0000000-0000-0000-0000-000000000002}.Release|Any CPU.ActiveCfg = Release|Any CPU
		{B0000000-0000-0000-0000-000000000002}.Release|Any CPU.Build.0 = Release|Any CPU
		{B0000000-0000-0000-0000-000000000003}.Debug|Any CPU.ActiveCfg = Debug|Any CPU
		{B0000000-0000-0000-0000-000000000003}.Debug|Any CPU.Build.0 = Debug|Any CPU
		{B0000000-0000-0000-0000-000000000003}.Release|Any CPU.ActiveCfg = Release|Any CPU
		{B0000000-0000-0000-0000-000000000003}.Release|Any CPU.Build.0 = Release|Any CPU
		{C0000000-0000-0000-0000-000000000001}.Debug|Any CPU.ActiveCfg = Debug|Any CPU
		{C0000000-0000-0000-0000-000000000001}.Debug|Any CPU.Build.0 = Debug|Any CPU
		{C0000000-0000-0000-0000-000000000001}.Release|Any CPU.ActiveCfg = Release|Any CPU
		{C0000000-0000-0000-0000-000000000001}.Release|Any CPU.Build.0 = Release|Any CPU
		{C0000000-0000-0000-0000-000000000002}.Debug|Any CPU.ActiveCfg = Debug|Any CPU
		{C0000000-0000-0000-0000-000000000002}.Debug|Any CPU.Build.0 = Debug|Any CPU
		{C0000000-0000-0000-0000-000000000002}.Release|Any CPU.ActiveCfg = Release|Any CPU
		{C0000000-0000-0000-0000-000000000002}.Release|Any CPU.Build.0 = Release|Any CPU
		{C0000000-0000-0000-0000-000000000003}.Debug|Any CPU.ActiveCfg = Debug|Any CPU
		{C0000000-0000-0000-0000-000000000003}.Debug|Any CPU.Build.0 = Debug|Any CPU
		{C0000000-0000-0000-0000-000000000003}.Release|Any CPU.ActiveCfg = Release|Any CPU
		{C0000000-0000-0000-0000-000000000003}.Release|Any CPU.Build.0 = Release|Any CPU
		{C0000000-0000-0000-0000-000000000004}.Debug|Any CPU.ActiveCfg = Debug|Any CPU
		{C0000000-0000-0000-0000-000000000004}.Debug|Any CPU.Build.0 = Debug|Any CPU
		{C0000000-0000-0000-0000-000000000004}.Release|Any CPU.ActiveCfg = Release|Any CPU
		{C0000000-0000-0000-0000-000000000004}.Release|Any CPU.Build.0 = Release|Any CPU
		{D0000000-0000-0000-0000-000000000001}.Debug|Any CPU.ActiveCfg = Debug|Any CPU
		{D0000000-0000-0000-0000-000000000001}.Debug|Any CPU.Build.0 = Debug|Any CPU
		{D0000000-0000-0000-0000-000000000001}.Release|Any CPU.ActiveCfg = Release|Any CPU
		{D0000000-0000-0000-0000-000000000001}.Release|Any CPU.Build.0 = Release|Any CPU
		{E0000000-0000-0000-0000-000000000001}.Debug|Any CPU.ActiveCfg = Debug|Any CPU
		{E0000000-0000-0000-0000-000000000001}.Debug|Any CPU.Build.0 = Debug|Any CPU
		{E0000000-0000-0000-0000-000000000001}.Release|Any CPU.ActiveCfg = Release|Any CPU
		{E0000000-0000-0000-0000-000000000001}.Release|Any CPU.Build.0 = Release|Any CPU
		{E0000000-0000-0000-0000-000000000002}.Debug|Any CPU.ActiveCfg = Debug|Any CPU
		{E0000000-0000-0000-0000-000000000002}.Debug|Any CPU.Build.0 = Debug|Any CPU
		{E0000000-0000-0000-0000-000000000002}.Release|Any CPU.ActiveCfg = Release|Any CPU
		{E0000000-0000-0000-0000-000000000002}.Release|Any CPU.Build.0 = Release|Any CPU
		{E0000000-0000-0000-0000-000000000003}.Debug|Any CPU.ActiveCfg = Debug|Any CPU
		{E0000000-0000-0000-0000-000000000003}.Debug|Any CPU.Build.0 = Debug|Any CPU
		{E0000000-0000-0000-0000-000000000003}.Release|Any CPU.ActiveCfg = Release|Any CPU
		{E0000000-0000-0000-0000-000000000003}.Release|Any CPU.Build.0 = Release|Any CPU
		{E0000000-0000-0000-0000-000000000004}.Debug|Any CPU.ActiveCfg = Debug|Any CPU
		{E0000000-0000-0000-0000-000000000004}.Debug|Any CPU.Build.0 = Debug|Any CPU
		{E0000000-0000-0000-0000-000000000004}.Release|Any CPU.ActiveCfg = Release|Any CPU
		{E0000000-0000-0000-0000-000000000004}.Release|Any CPU.Build.0 = Release|Any CPU
		{F0000000-0000-0000-0000-000000000001}.Debug|Any CPU.ActiveCfg = Debug|Any CPU
		{F0000000-0000-0000-0000-000000000001}.Debug|Any CPU.Build.0 = Debug|Any CPU
		{F0000000-0000-0000-0000-000000000001}.Release|Any CPU.ActiveCfg = Release|Any CPU
		{F0000000-0000-0000-0000-000000000001}.Release|Any CPU.Build.0 = Release|Any CPU
		{F0000000-0000-0000-0000-000000000002}.Debug|Any CPU.ActiveCfg = Debug|Any CPU
		{F0000000-0000-0000-0000-000000000002}.Debug|Any CPU.Build.0 = Debug|Any CPU
		{F0000000-0000-0000-0000-000000000002}.Release|Any CPU.ActiveCfg = Release|Any CPU
		{F0000000-0000-0000-0000-000000000002}.Release|Any CPU.Build.0 = Release|Any CPU
		{F0000000-0000-0000-0000-000000000003}.Debug|Any CPU.ActiveCfg = Debug|Any CPU
		{F0000000-0000-0000-0000-000000000003}.Debug|Any CPU.Build.0 = Debug|Any CPU
		{F0000000-0000-0000-0000-000000000003}.Release|Any CPU.ActiveCfg = Release|Any CPU
		{F0000000-0000-0000-0000-000000000003}.Release|Any CPU.Build.0 = Release|Any CPU
		{F0000000-0000-0000-0000-000000000004}.Debug|Any CPU.ActiveCfg = Debug|Any CPU
		{F0000000-0000-0000-0000-000000000004}.Debug|Any CPU.Build.0 = Debug|Any CPU
		{F0000000-0000-0000-0000-000000000004}.Release|Any CPU.ActiveCfg = Release|Any CPU
		{F0000000-0000-0000-0000-000000000004}.Release|Any CPU.Build.0 = Release|Any CPU
		{10000000-0000-0000-0000-000000000001}.Debug|Any CPU.ActiveCfg = Debug|Any CPU
		{10000000-0000-0000-0000-000000000001}.Debug|Any CPU.Build.0 = Debug|Any CPU
		{10000000-0000-0000-0000-000000000001}.Release|Any CPU.ActiveCfg = Release|Any CPU
		{10000000-0000-0000-0000-000000000001}.Release|Any CPU.Build.0 = Release|Any CPU
		{10000000-0000-0000-0000-000000000002}.Debug|Any CPU.ActiveCfg = Debug|Any CPU
		{10000000-0000-0000-0000-000000000002}.Debug|Any CPU.Build.0 = Debug|Any CPU
		{10000000-0000-0000-0000-000000000002}.Release|Any CPU.ActiveCfg = Release|Any CPU
		{10000000-0000-0000-0000-000000000002}.Release|Any CPU.Build.0 = Release|Any CPU
		{10000000-0000-0000-0000-000000000003}.Debug|Any CPU.ActiveCfg = Debug|Any CPU
		{10000000-0000-0000-0000-000000000003}.Debug|Any CPU.Build.0 = Debug|Any CPU
		{10000000-0000-0000-0000-000000000003}.Release|Any CPU.ActiveCfg = Release|Any CPU
		{10000000-0000-0000-0000-000000000003}.Release|Any CPU.Build.0 = Release|Any CPU
		{10000000-0000-0000-0000-000000000004}.Debug|Any CPU.ActiveCfg = Debug|Any CPU
		{10000000-0000-0000-0000-000000000004}.Debug|Any CPU.Build.0 = Debug|Any CPU
		{10000000-0000-0000-0000-000000000004}.Release|Any CPU.ActiveCfg = Release|Any CPU
		{10000000-0000-0000-0000-000000000004}.Release|Any CPU.Build.0 = Release|Any CPU
		{11000000-0000-0000-0000-000000000001}.Debug|Any CPU.ActiveCfg = Debug|Any CPU
		{11000000-0000-0000-0000-000000000001}.Debug|Any CPU.Build.0 = Debug|Any CPU
		{11000000-0000-0000-0000-000000000001}.Release|Any CPU.ActiveCfg = Release|Any CPU
		{11000000-0000-0000-0000-000000000001}.Release|Any CPU.Build.0 = Release|Any CPU
		{11000000-0000-0000-0000-000000000002}.Debug|Any CPU.ActiveCfg = Debug|Any CPU
		{11000000-0000-0000-0000-000000000002}.Debug|Any CPU.Build.0 = Debug|Any CPU
		{11000000-0000-0000-0000-000000000002}.Release|Any CPU.ActiveCfg = Release|Any CPU
		{11000000-0000-0000-0000-000000000002}.Release|Any CPU.Build.0 = Release|Any CPU
		{11000000-0000-0000-0000-000000000003}.Debug|Any CPU.ActiveCfg = Debug|Any CPU
		{11000000-0000-0000-0000-000000000003}.Debug|Any CPU.Build.0 = Debug|Any CPU
		{11000000-0000-0000-0000-000000000003}.Release|Any CPU.ActiveCfg = Release|Any CPU
		{11000000-0000-0000-0000-000000000003}.Release|Any CPU.Build.0 = Release|Any CPU
		{11000000-0000-0000-0000-000000000004}.Debug|Any CPU.ActiveCfg = Debug|Any CPU
		{11000000-0000-0000-0000-000000000004}.Debug|Any CPU.Build.0 = Debug|Any CPU
		{11000000-0000-0000-0000-000000000004}.Release|Any CPU.ActiveCfg = Release|Any CPU
		{11000000-0000-0000-0000-000000000004}.Release|Any CPU.Build.0 = Release|Any CPU
		{12000000-0000-0000-0000-000000000001}.Debug|Any CPU.ActiveCfg = Debug|Any CPU
		{12000000-0000-0000-0000-000000000001}.Debug|Any CPU.Build.0 = Debug|Any CPU
		{12000000-0000-0000-0000-000000000001}.Release|Any CPU.ActiveCfg = Release|Any CPU
		{12000000-0000-0000-0000-000000000001}.Release|Any CPU.Build.0 = Release|Any CPU
		{12000000-0000-0000-0000-000000000002}.Debug|Any CPU.ActiveCfg = Debug|Any CPU
		{12000000-0000-0000-0000-000000000002}.Debug|Any CPU.Build.0 = Debug|Any CPU
		{12000000-0000-0000-0000-000000000002}.Release|Any CPU.ActiveCfg = Release|Any CPU
		{12000000-0000-0000-0000-000000000002}.Release|Any CPU.Build.0 = Release|Any CPU
		{12000000-0000-0000-0000-000000000003}.Debug|Any CPU.ActiveCfg = Debug|Any CPU
		{12000000-0000-0000-0000-000000000003}.Debug|Any CPU.Build.0 = Debug|Any CPU
		{12000000-0000-0000-0000-000000000003}.Release|Any CPU.ActiveCfg = Release|Any CPU
		{12000000-0000-0000-0000-000000000003}.Release|Any CPU.Build.0 = Release|Any CPU
		{12000000-0000-0000-0000-000000000004}.Debug|Any CPU.ActiveCfg = Debug|Any CPU
		{12000000-0000-0000-0000-000000000004}.Debug|Any CPU.Build.0 = Debug|Any CPU
		{12000000-0000-0000-0000-000000000004}.Release|Any CPU.ActiveCfg = Release|Any CPU
		{12000000-0000-0000-0000-000000000004}.Release|Any CPU.Build.0 = Release|Any CPU
		{13000000-0000-0000-0000-000000000001}.Debug|Any CPU.ActiveCfg = Debug|Any CPU
		{13000000-0000-0000-0000-000000000001}.Debug|Any CPU.Build.0 = Debug|Any CPU
		{13000000-0000-0000-0000-000000000001}.Release|Any CPU.ActiveCfg = Release|Any CPU
		{13000000-0000-0000-0000-000000000001}.Release|Any CPU.Build.0 = Release|Any CPU
		{14000000-0000-0000-0000-000000000001}.Debug|Any CPU.ActiveCfg = Debug|Any CPU
		{14000000-0000-0000-0000-000000000001}.Debug|Any CPU.Build.0 = Debug|Any CPU
		{14000000-0000-0000-0000-000000000001}.Release|Any CPU.ActiveCfg = Release|Any CPU
		{14000000-0000-0000-0000-000000000001}.Release|Any CPU.Build.0 = Release|Any CPU
		{14000000-0000-0000-0000-000000000002}.Debug|Any CPU.ActiveCfg = Debug|Any CPU
		{14000000-0000-0000-0000-000000000002}.Debug|Any CPU.Build.0 = Debug|Any CPU
		{14000000-0000-0000-0000-000000000002}.Release|Any CPU.ActiveCfg = Release|Any CPU
		{14000000-0000-0000-0000-000000000002}.Release|Any CPU.Build.0 = Release|Any CPU
		{14000000-0000-0000-0000-000000000003}.Debug|Any CPU.ActiveCfg = Debug|Any CPU
		{14000000-0000-0000-0000-000000000003}.Debug|Any CPU.Build.0 = Debug|Any CPU
		{14000000-0000-0000-0000-000000000003}.Release|Any CPU.ActiveCfg = Release|Any CPU
		{14000000-0000-0000-0000-000000000003}.Release|Any CPU.Build.0 = Release|Any CPU
		{14000000-0000-0000-0000-000000000004}.Debug|Any CPU.ActiveCfg = Debug|Any CPU
		{14000000-0000-0000-0000-000000000004}.Debug|Any CPU.Build.0 = Debug|Any CPU
		{14000000-0000-0000-0000-000000000004}.Release|Any CPU.ActiveCfg = Release|Any CPU
		{14000000-0000-0000-0000-000000000004}.Release|Any CPU.Build.0 = Release|Any CPU
		{15000000-0000-0000-0000-000000000001}.Debug|Any CPU.ActiveCfg = Debug|Any CPU
		{15000000-0000-0000-0000-000000000001}.Debug|Any CPU.Build.0 = Debug|Any CPU
		{15000000-0000-0000-0000-000000000001}.Release|Any CPU.ActiveCfg = Release|Any CPU
		{15000000-0000-0000-0000-000000000001}.Release|Any CPU.Build.0 = Release|Any CPU
		{15000000-0000-0000-0000-000000000002}.Debug|Any CPU.ActiveCfg = Debug|Any CPU
		{15000000-0000-0000-0000-000000000002}.Debug|Any CPU.Build.0 = Debug|Any CPU
		{15000000-0000-0000-0000-000000000002}.Release|Any CPU.ActiveCfg = Release|Any CPU
		{15000000-0000-0000-0000-000000000002}.Release|Any CPU.Build.0 = Release|Any CPU
		{15000000-0000-0000-0000-000000000003}.Debug|Any CPU.ActiveCfg = Debug|Any CPU
		{15000000-0000-0000-0000-000000000003}.Debug|Any CPU.Build.0 = Debug|Any CPU
		{15000000-0000-0000-0000-000000000003}.Release|Any CPU.ActiveCfg = Release|Any CPU
		{15000000-0000-0000-0000-000000000003}.Release|Any CPU.Build.0 = Release|Any CPU
		{15000000-0000-0000-0000-000000000004}.Debug|Any CPU.ActiveCfg = Debug|Any CPU
		{15000000-0000-0000-0000-000000000004}.Debug|Any CPU.Build.0 = Debug|Any CPU
		{15000000-0000-0000-0000-000000000004}.Release|Any CPU.ActiveCfg = Release|Any CPU
		{15000000-0000-0000-0000-000000000004}.Release|Any CPU.Build.0 = Release|Any CPU
		{16000000-0000-0000-0000-000000000001}.Debug|Any CPU.ActiveCfg = Debug|Any CPU
		{16000000-0000-0000-0000-000000000001}.Debug|Any CPU.Build.0 = Debug|Any CPU
		{16000000-0000-0000-0000-000000000001}.Release|Any CPU.ActiveCfg = Release|Any CPU
		{16000000-0000-0000-0000-000000000001}.Release|Any CPU.Build.0 = Release|Any CPU
		{16000000-0000-0000-0000-000000000002}.Debug|Any CPU.ActiveCfg = Debug|Any CPU
		{16000000-0000-0000-0000-000000000002}.Debug|Any CPU.Build.0 = Debug|Any CPU
		{16000000-0000-0000-0000-000000000002}.Release|Any CPU.ActiveCfg = Release|Any CPU
		{16000000-0000-0000-0000-000000000002}.Release|Any CPU.Build.0 = Release|Any CPU
		{16000000-0000-0000-0000-000000000003}.Debug|Any CPU.ActiveCfg = Debug|Any CPU
		{16000000-0000-0000-0000-000000000003}.Debug|Any CPU.Build.0 = Debug|Any CPU
		{16000000-0000-0000-0000-000000000003}.Release|Any CPU.ActiveCfg = Release|Any CPU
		{16000000-0000-0000-0000-000000000003}.Release|Any CPU.Build.0 = Release|Any CPU
		{16000000-0000-0000-0000-000000000004}.Debug|Any CPU.ActiveCfg = Debug|Any CPU
		{16000000-0000-0000-0000-000000000004}.Debug|Any CPU.Build.0 = Debug|Any CPU
		{16000000-0000-0000-0000-000000000004}.Release|Any CPU.ActiveCfg = Release|Any CPU
		{16000000-0000-0000-0000-000000000004}.Release|Any CPU.Build.0 = Release|Any CPU
		{17000000-0000-0000-0000-000000000001}.Debug|Any CPU.ActiveCfg = Debug|Any CPU
		{17000000-0000-0000-0000-000000000001}.Debug|Any CPU.Build.0 = Debug|Any CPU
		{17000000-0000-0000-0000-000000000001}.Release|Any CPU.ActiveCfg = Release|Any CPU
		{17000000-0000-0000-0000-000000000001}.Release|Any CPU.Build.0 = Release|Any CPU
		{17000000-0000-0000-0000-000000000002}.Debug|Any CPU.ActiveCfg = Debug|Any CPU
		{17000000-0000-0000-0000-000000000002}.Debug|Any CPU.Build.0 = Debug|Any CPU
		{17000000-0000-0000-0000-000000000002}.Release|Any CPU.ActiveCfg = Release|Any CPU
		{17000000-0000-0000-0000-000000000002}.Release|Any CPU.Build.0 = Release|Any CPU
		{17000000-0000-0000-0000-000000000003}.Debug|Any CPU.ActiveCfg = Debug|Any CPU
		{17000000-0000-0000-0000-000000000003}.Debug|Any CPU.Build.0 = Debug|Any CPU
		{17000000-0000-0000-0000-000000000003}.Release|Any CPU.ActiveCfg = Release|Any CPU
		{17000000-0000-0000-0000-000000000003}.Release|Any CPU.Build.0 = Release|Any CPU
		{17000000-0000-0000-0000-000000000004}.Debug|Any CPU.ActiveCfg = Debug|Any CPU
		{17000000-0000-0000-0000-000000000004}.Debug|Any CPU.Build.0 = Debug|Any CPU
		{17000000-0000-0000-0000-000000000004}.Release|Any CPU.ActiveCfg = Release|Any CPU
		{17000000-0000-0000-0000-000000000004}.Release|Any CPU.Build.0 = Release|Any CPU
		{18000000-0000-0000-0000-000000000001}.Debug|Any CPU.ActiveCfg = Debug|Any CPU
		{18000000-0000-0000-0000-000000000001}.Debug|Any CPU.Build.0 = Debug|Any CPU
		{18000000-0000-0000-0000-000000000001}.Release|Any CPU.ActiveCfg = Release|Any CPU
		{18000000-0000-0000-0000-000000000001}.Release|Any CPU.Build.0 = Release|Any CPU
	EndGlobalSection
	GlobalSection(SolutionProperties) = preSolution
		HideSolutionNode = FALSE
	EndGlobalSection
	GlobalSection(NestedProjects) = preSolution
		{B0000000-0000-0000-0000-000000000001} = {A0000000-0000-0000-0000-000000000001}
		{B0000000-0000-0000-0000-000000000002} = {A0000000-0000-0000-0000-000000000001}
		{B0000000-0000-0000-0000-000000000003} = {A0000000-0000-0000-0000-000000000001}
		{A0000000-0000-0000-0000-000000000003} = {A0000000-0000-0000-0000-000000000002}
		{C0000000-0000-0000-0000-000000000001} = {A0000000-0000-0000-0000-000000000003}
		{C0000000-0000-0000-0000-000000000002} = {A0000000-0000-0000-0000-000000000003}
		{C0000000-0000-0000-0000-000000000003} = {A0000000-0000-0000-0000-000000000003}
		{C0000000-0000-0000-0000-000000000004} = {A0000000-0000-0000-0000-000000000003}
		{A0000000-0000-0000-0000-000000000005} = {A0000000-0000-0000-0000-000000000002}
		{E0000000-0000-0000-0000-000000000001} = {A0000000-0000-0000-0000-000000000005}
		{E0000000-0000-0000-0000-000000000002} = {A0000000-0000-0000-0000-000000000005}
		{E0000000-0000-0000-0000-000000000003} = {A0000000-0000-0000-0000-000000000005}
		{E0000000-0000-0000-0000-000000000004} = {A0000000-0000-0000-0000-000000000005}
		{A0000000-0000-0000-0000-000000000006} = {A0000000-0000-0000-0000-000000000002}
		{F0000000-0000-0000-0000-000000000001} = {A0000000-0000-0000-0000-000000000006}
		{F0000000-0000-0000-0000-000000000002} = {A0000000-0000-0000-0000-000000000006}
		{F0000000-0000-0000-0000-000000000003} = {A0000000-0000-0000-0000-000000000006}
		{F0000000-0000-0000-0000-000000000004} = {A0000000-0000-0000-0000-000000000006}
		{A0000000-0000-0000-0000-000000000007} = {A0000000-0000-0000-0000-000000000002}
		{10000000-0000-0000-0000-000000000001} = {A0000000-0000-0000-0000-000000000007}
		{10000000-0000-0000-0000-000000000002} = {A0000000-0000-0000-0000-000000000007}
		{10000000-0000-0000-0000-000000000003} = {A0000000-0000-0000-0000-000000000007}
		{10000000-0000-0000-0000-000000000004} = {A0000000-0000-0000-0000-000000000007}
		{A0000000-0000-0000-0000-000000000008} = {A0000000-0000-0000-0000-000000000002}
		{11000000-0000-0000-0000-000000000001} = {A0000000-0000-0000-0000-000000000008}
		{11000000-0000-0000-0000-000000000002} = {A0000000-0000-0000-0000-000000000008}
		{11000000-0000-0000-0000-000000000003} = {A0000000-0000-0000-0000-000000000008}
		{11000000-0000-0000-0000-000000000004} = {A0000000-0000-0000-0000-000000000008}
		{A0000000-0000-0000-0000-000000000009} = {A0000000-0000-0000-0000-000000000002}
		{12000000-0000-0000-0000-000000000001} = {A0000000-0000-0000-0000-000000000009}
		{12000000-0000-0000-0000-000000000002} = {A0000000-0000-0000-0000-000000000009}
		{12000000-0000-0000-0000-000000000003} = {A0000000-0000-0000-0000-000000000009}
		{12000000-0000-0000-0000-000000000004} = {A0000000-0000-0000-0000-000000000009}
		{A0000000-0000-0000-0000-00000000000A} = {A0000000-0000-0000-0000-000000000002}
		{13000000-0000-0000-0000-000000000001} = {A0000000-0000-0000-0000-00000000000A}
		{A0000000-0000-0000-0000-00000000000B} = {A0000000-0000-0000-0000-000000000002}
		{14000000-0000-0000-0000-000000000001} = {A0000000-0000-0000-0000-00000000000B}
		{14000000-0000-0000-0000-000000000002} = {A0000000-0000-0000-0000-00000000000B}
		{14000000-0000-0000-0000-000000000003} = {A0000000-0000-0000-0000-00000000000B}
		{14000000-0000-0000-0000-000000000004} = {A0000000-0000-0000-0000-00000000000B}
		{A0000000-0000-0000-0000-00000000000C} = {A0000000-0000-0000-0000-000000000002}
		{15000000-0000-0000-0000-000000000001} = {A0000000-0000-0000-0000-00000000000C}
		{15000000-0000-0000-0000-000000000002} = {A0000000-0000-0000-0000-00000000000C}
		{15000000-0000-0000-0000-000000000003} = {A0000000-0000-0000-0000-00000000000C}
		{15000000-0000-0000-0000-000000000004} = {A0000000-0000-0000-0000-00000000000C}
		{A0000000-0000-0000-0000-00000000000D} = {A0000000-0000-0000-0000-000000000002}
		{16000000-0000-0000-0000-000000000001} = {A0000000-0000-0000-0000-00000000000D}
		{16000000-0000-0000-0000-000000000002} = {A0000000-0000-0000-0000-00000000000D}
		{16000000-0000-0000-0000-000000000003} = {A0000000-0000-0000-0000-00000000000D}
		{16000000-0000-0000-0000-000000000004} = {A0000000-0000-0000-0000-00000000000D}
		{A0000000-0000-0000-0000-00000000000E} = {A0000000-0000-0000-0000-000000000002}
		{17000000-0000-0000-0000-000000000001} = {A0000000-0000-0000-0000-00000000000E}
		{17000000-0000-0000-0000-000000000002} = {A0000000-0000-0000-0000-00000000000E}
		{17000000-0000-0000-0000-000000000003} = {A0000000-0000-0000-0000-00000000000E}
		{17000000-0000-0000-0000-000000000004} = {A0000000-0000-0000-0000-00000000000E}
		{D0000000-0000-0000-0000-000000000001} = {A0000000-0000-0000-0000-000000000004}
		{18000000-0000-0000-0000-000000000001} = {A0000000-0000-0000-0000-00000000000F}
	EndGlobalSection
EndGlobal
