Microsoft Visual Studio Solution File, Format Version 12.00
# Visual Studio Version 18
VisualStudioVersion = 18.7.11919.86 stable
MinimumVisualStudioVersion = 10.0.40219.1
Project("{2150E333-8FDC-42A3-9474-1A3956D46DE8}") = "SharedKernel", "SharedKernel", "{A0000000-0000-0000-0000-000000000001}"
EndProject
Project("{9A19103F-16F7-4668-BE54-9A1E7A4F7556}") = "Tuilow.SharedKernel.Domain", "SharedKernel\Tuilow.SharedKernel.Domain\Tuilow.SharedKernel.Domain.csproj", "{B0000000-0000-0000-0000-000000000001}"
EndProject
Project("{9A19103F-16F7-4668-BE54-9A1E7A4F7556}") = "Tuilow.SharedKernel.Application", "SharedKernel\Tuilow.SharedKernel.Application\Tuilow.SharedKernel.Application.csproj", "{B0000000-0000-0000-0000-000000000002}"
EndProject
Project("{9A19103F-16F7-4668-BE54-9A1E7A4F7556}") = "Tuilow.SharedKernel.Infrastructure", "SharedKernel\Tuilow.SharedKernel.Infrastructure\Tuilow.SharedKernel.Infrastructure.csproj", "{B0000000-0000-0000-0000-000000000003}"
EndProject
Project("{2150E333-8FDC-42A3-9474-1A3956D46DE8}") = "Modules", "Modules", "{A0000000-0000-0000-0000-000000000002}"
EndProject
Project("{2150E333-8FDC-42A3-9474-1A3956D46DE8}") = "IdentidadeAcesso", "IdentidadeAcesso", "{A0000000-0000-0000-0000-000000000003}"
EndProject
Project("{9A19103F-16F7-4668-BE54-9A1E7A4F7556}") = "Tuilow.IdentidadeAcesso.Domain", "Modules\IdentidadeAcesso\Tuilow.IdentidadeAcesso.Domain\Tuilow.IdentidadeAcesso.Domain.csproj", "{C0000000-0000-0000-0000-000000000001}"
EndProject
Project("{9A19103F-16F7-4668-BE54-9A1E7A4F7556}") = "Tuilow.IdentidadeAcesso.Application", "Modules\IdentidadeAcesso\Tuilow.IdentidadeAcesso.Application\Tuilow.IdentidadeAcesso.Application.csproj", "{C0000000-0000-0000-0000-000000000002}"
EndProject
Project("{9A19103F-16F7-4668-BE54-9A1E7A4F7556}") = "Tuilow.IdentidadeAcesso.Infrastructure", "Modules\IdentidadeAcesso\Tuilow.IdentidadeAcesso.Infrastructure\Tuilow.IdentidadeAcesso.Infrastructure.csproj", "{C0000000-0000-0000-0000-000000000003}"
EndProject
Project("{9A19103F-16F7-4668-BE54-9A1E7A4F7556}") = "Tuilow.IdentidadeAcesso.Api", "Modules\IdentidadeAcesso\Tuilow.IdentidadeAcesso.Api\Tuilow.IdentidadeAcesso.Api.csproj", "{C0000000-0000-0000-0000-000000000004}"
EndProject
Project("{2150E333-8FDC-42A3-9474-1A3956D46DE8}") = "Catalog", "Catalog", "{A0000000-0000-0000-0000-000000000005}"
EndProject
Project("{9A19103F-16F7-4668-BE54-9A1E7A4F7556}") = "Tuilow.Catalog.Domain", "Modules\Catalog\Tuilow.Catalog.Domain\Tuilow.Catalog.Domain.csproj", "{E0000000-0000-0000-0000-000000000001}"
EndProject
Project("{9A19103F-16F7-4668-BE54-9A1E7A4F7556}") = "Tuilow.Catalog.Application", "Modules\Catalog\Tuilow.Catalog.Application\Tuilow.Catalog.Application.csproj", "{E0000000-0000-0000-0000-000000000002}"
EndProject
Project("{9A19103F-16F7-4668-BE54-9A1E7A4F7556}") = "Tuilow.Catalog.Infrastructure", "Modules\Catalog\Tuilow.Catalog.Infrastructure\Tuilow.Catalog.Infrastructure.csproj", "{E0000000-0000-0000-0000-000000000003}"
EndProject
Project("{9A19103F-16F7-4668-BE54-9A1E7A4F7556}") = "Tuilow.Catalog.Api", "Modules\Catalog\Tuilow.Catalog.Api\Tuilow.Catalog.Api.csproj", "{E0000000-0000-0000-0000-000000000004}"
EndProject
Project("{2150E333-8FDC-42A3-9474-1A3956D46DE8}") = "Learning", "Learning", "{A0000000-0000-0000-0000-000000000006}"
EndProject
Project("{9A19103F-16F7-4668-BE54-9A1E7A4F7556}") = "Tuilow.Learning.Domain", "Modules\Learning\Tuilow.Learning.Domain\Tuilow.Learning.Domain.csproj", "{F0000000-0000-0000-0000-000000000001}"
EndProject
Project("{9A19103F-16F7-4668-BE54-9A1E7A4F7556}") = "Tuilow.Learning.Application", "Modules\Learning\Tuilow.Learning.Application\Tuilow.Learning.Application.csproj", "{F0000000-0000-0000-0000-000000000002}"
EndProject
Project("{9A19103F-16F7-4668-BE54-9A1E7A4F7556}") = "Tuilow.Learning.Infrastructure", "Modules\Learning\Tuilow.Learning.Infrastructure\Tuilow.Learning.Infrastructure.csproj", "{F0000000-0000-0000-0000-000000000003}"
EndProject
Project("{9A19103F-16F7-4668-BE54-9A1E7A4F7556}") = "Tuilow.Learning.Api", "Modules\Learning\Tuilow.Learning.Api\Tuilow.Learning.Api.csproj", "{F0000000-0000-0000-0000-000000000004}"
EndProject
Project("{2150E333-8FDC-42A3-9474-1A3956D46DE8}") = "Journey", "Journey", "{A0000000-0000-0000-0000-000000000007}"
EndProject
Project("{9A19103F-16F7-4668-BE54-9A1E7A4F7556}") = "Tuilow.Journey.Domain", "Modules\Journey\Tuilow.Journey.Domain\Tuilow.Journey.Domain.csproj", "{10000000-0000-0000-0000-000000000001}"
EndProject
Project("{9A19103F-16F7-4668-BE54-9A1E7A4F7556}") = "Tuilow.Journey.Application", "Modules\Journey\Tuilow.Journey.Application\Tuilow.Journey.Application.csproj", "{10000000-0000-0000-0000-000000000002}"
EndProject
Project("{9A19103F-16F7-4668-BE54-9A1E7A4F7556}") = "Tuilow.Journey.Infrastructure", "Modules\Journey\Tuilow.Journey.Infrastructure\Tuilow.Journey.Infrastructure.csproj", "{10000000-0000-0000-0000-000000000003}"
EndProject
Project("{9A19103F-16F7-4668-BE54-9A1E7A4F7556}") = "Tuilow.Journey.Api", "Modules\Journey\Tuilow.Journey.Api\Tuilow.Journey.Api.csproj", "{10000000-0000-0000-0000-000000000004}"
EndProject
Project("{2150E333-8FDC-42A3-9474-1A3956D46DE8}") = "Sales", "Sales", "{A0000000-0000-0000-0000-000000000008}"
EndProject
Project("{9A19103F-16F7-4668-BE54-9A1E7A4F7556}") = "Tuilow.Sales.Domain", "Modules\Sales\Tuilow.Sales.Domain\Tuilow.Sales.Domain.csproj", "{11000000-0000-0000-0000-000000000001}"
EndProject
Project("{9A19103F-16F7-4668-BE54-9A1E7A4F7556}") = "Tuilow.Sales.Application", "Modules\Sales\Tuilow.Sales.Application\Tuilow.Sales.Application.csproj", "{11000000-0000-0000-0000-000000000002}"
EndProject
Project("{9A19103F-16F7-4668-BE54-9A1E7A4F7556}") = "Tuilow.Sales.Infrastructure", "Modules\Sales\Tuilow.Sales.Infrastructure\Tuilow.Sales.Infrastructure.csproj", "{11000000-0000-0000-0000-000000000003}"
EndProject
Project("{9A19103F-16F7-4668-BE54-9A1E7A4F7556}") = "Tuilow.Sales.Api", "Modules\Sales\Tuilow.Sales.Api\Tuilow.Sales.Api.csproj", "{11000000-0000-0000-0000-000000000004}"
EndProject
Project("{2150E333-8FDC-42A3-9474-1A3956D46DE8}") = "Channel", "Channel", "{A0000000-0000-0000-0000-000000000009}"
EndProject
Project("{9A19103F-16F7-4668-BE54-9A1E7A4F7556}") = "Tuilow.Channel.Domain", "Modules\Channel\Tuilow.Channel.Domain\Tuilow.Channel.Domain.csproj", "{12000000-0000-0000-0000-000000000001}"
EndProject
Project("{9A19103F-16F7-4668-BE54-9A1E7A4F7556}") = "Tuilow.Channel.Application", "Modules\Channel\Tuilow.Channel.Application\Tuilow.Channel.Application.csproj", "{12000000-0000-0000-0000-000000000002}"
EndProject
Project("{9A19103F-16F7-4668-BE54-9A1E7A4F7556}") = "Tuilow.Channel.Infrastructure", "Modules\Channel\Tuilow.Channel.Infrastructure\Tuilow.Channel.Infrastructure.csproj", "{12000000-0000-0000-0000-000000000003}"
EndProject
Project("{9A19103F-16F7-4668-BE54-9A1E7A4F7556}") = "Tuilow.Channel.Api", "Modules\Channel\Tuilow.Channel.Api\Tuilow.Channel.Api.csproj", "{12000000-0000-0000-0000-000000000004}"
EndProject
Project("{2150E333-8FDC-42A3-9474-1A3956D46DE8}") = "Growth", "Growth", "{A0000000-0000-0000-0000-00000000000A}"
EndProject
Project("{9A19103F-16F7-4668-BE54-9A1E7A4F7556}") = "Tuilow.Growth.Domain", "Modules\Growth\Tuilow.Growth.Domain\Tuilow.Growth.Domain.csproj", "{13000000-0000-0000-0000-000000000001}"
EndProject
Project("{2150E333-8FDC-42A3-9474-1A3956D46DE8}") = "Streaming", "Streaming", "{A0000000-0000-0000-0000-00000000000B}"
EndProject
Project("{9A19103F-16F7-4668-BE54-9A1E7A4F7556}") = "Tuilow.Streaming.Domain", "Modules\Streaming\Tuilow.Streaming.Domain\Tuilow.Streaming.Domain.csproj", "{14000000-0000-0000-0000-000000000001}"
EndProject
Project("{9A19103F-16F7-4668-BE54-9A1E7A4F7556}") = "Tuilow.Streaming.Application", "Modules\Streaming\Tuilow.Streaming.Application\Tuilow.Streaming.Application.csproj", "{14000000-0000-0000-0000-000000000002}"
EndProject
Project("{9A19103F-16F7-4668-BE54-9A1E7A4F7556}") = "Tuilow.Streaming.Infrastructure", "Modules\Streaming\Tuilow.Streaming.Infrastructure\Tuilow.Streaming.Infrastructure.csproj", "{14000000-0000-0000-0000-000000000003}"
EndProject
Project("{9A19103F-16F7-4668-BE54-9A1E7A4F7556}") = "Tuilow.Streaming.Api", "Modules\Streaming\Tuilow.Streaming.Api\Tuilow.Streaming.Api.csproj", "{14000000-0000-0000-0000-000000000004}"
EndProject
Project("{2150E333-8FDC-42A3-9474-1A3956D46DE8}") = "Finance", "Finance", "{A0000000-0000-0000-0000-00000000000C}"
EndProject
Project("{9A19103F-16F7-4668-BE54-9A1E7A4F7556}") = "Tuilow.Finance.Domain", "Modules\Finance\Tuilow.Finance.Domain\Tuilow.Finance.Domain.csproj", "{15000000-0000-0000-0000-000000000001}"
EndProject
Project("{9A19103F-16F7-4668-BE54-9A1E7A4F7556}") = "Tuilow.Finance.Application", "Modules\Finance\Tuilow.Finance.Application\Tuilow.Finance.Application.csproj", "{15000000-0000-0000-0000-000000000002}"
EndProject
Project("{9A19103F-16F7-4668-BE54-9A1E7A4F7556}") = "Tuilow.Finance.Infrastructure", "Modules\Finance\Tuilow.Finance.Infrastructure\Tuilow.Finance.Infrastructure.csproj", "{15000000-0000-0000-0000-000000000003}"
EndProject
Project("{9A19103F-16F7-4668-BE54-9A1E7A4F7556}") = "Tuilow.Finance.Api", "Modules\Finance\Tuilow.Finance.Api\Tuilow.Finance.Api.csproj", "{15000000-0000-0000-0000-000000000004}"
EndProject
Project("{2150E333-8FDC-42A3-9474-1A3956D46DE8}") = "Payout", "Payout", "{A0000000-0000-0000-0000-00000000000D}"
EndProject
Project("{9A19103F-16F7-4668-BE54-9A1E7A4F7556}") = "Tuilow.Payout.Domain", "Modules\Payout\Tuilow.Payout.Domain\Tuilow.Payout.Domain.csproj", "{16000000-0000-0000-0000-000000000001}"
EndProject
Project("{9A19103F-16F7-4668-BE54-9A1E7A4F7556}") = "Tuilow.Payout.Application", "Modules\Payout\Tuilow.Payout.Application\Tuilow.Payout.Application.csproj", "{16000000-0000-0000-0000-000000000002}"
EndProject
Project("{9A19103F-16F7-4668-BE54-9A1E7A4F7556}") = "Tuilow.Payout.Infrastructure", "Modules\Payout\Tuilow.Payout.Infrastructure\Tuilow.Payout.Infrastructure.csproj", "{16000000-0000-0000-0000-000000000003}"
EndProject
Project("{9A19103F-16F7-4668-BE54-9A1E7A4F7556}") = "Tuilow.Payout.Api", "Modules\Payout\Tuilow.Payout.Api\Tuilow.Payout.Api.csproj", "{16000000-0000-0000-0000-000000000004}"
EndProject
Project("{2150E333-8FDC-42A3-9474-1A3956D46DE8}") = "CreatorStudio", "CreatorStudio", "{A0000000-0000-0000-0000-00000000000E}"
EndProject
Project("{9A19103F-16F7-4668-BE54-9A1E7A4F7556}") = "Tuilow.CreatorStudio.Domain", "Modules\CreatorStudio\Tuilow.CreatorStudio.Domain\Tuilow.CreatorStudio.Domain.csproj", "{17000000-0000-0000-0000-000000000001}"
EndProject
Project("{9A19103F-16F7-4668-BE54-9A1E7A4F7556}") = "Tuilow.CreatorStudio.Application", "Modules\CreatorStudio\Tuilow.CreatorStudio.Application\Tuilow.CreatorStudio.Application.csproj", "{17000000-0000-0000-0000-000000000002}"
EndProject
Project("{9A19103F-16F7-4668-BE54-9A1E7A4F7556}") = "Tuilow.CreatorStudio.Infrastructure", "Modules\CreatorStudio\Tuilow.CreatorStudio.Infrastructure\Tuilow.CreatorStudio.Infrastructure.csproj", "{17000000-0000-0000-0000-000000000003}"
EndProject
Project("{9A19103F-16F7-4668-BE54-9A1E7A4F7556}") = "Tuilow.CreatorStudio.Api", "Modules\CreatorStudio\Tuilow.CreatorStudio.Api\Tuilow.CreatorStudio.Api.csproj", "{17000000-0000-0000-0000-000000000004}"
EndProject
Project("{2150E333-8FDC-42A3-9474-1A3956D46DE8}") = "Host", "Host", "{A0000000-0000-0000-0000-000000000004}"
EndProject
Project("{9A19103F-16F7-4668-BE54-9A1E7A4F7556}") = "Tuilow.Host.Api", "Host\Tuilow.Host.Api\Tuilow.Host.Api.csproj", "{D0000000-0000-0000-0000-000000000001}"
EndProject
Project("{2150E333-8FDC-42A3-9474-1A3956D46DE8}") = "tests", "tests", "{A0000000-0000-0000-0000-00000000000F}"
EndProject
Project("{9A19103F-16F7-4668-BE54-9A1E7A4F7556}") = "Tuilow.Finance.Tests", "tests\Tuilow.Finance.Tests\Tuilow.Finance.Tests.csproj", "{18000000-0000-0000-0000-000000000001}"
EndProject
Global
	GlobalSection(SolutionConfigurationPlatforms) = preSolution
		Debug|Any CPU = Debug|Any CPU
		Release|Any CPU = Release|Any CPU
	EndGlobalSection
	GlobalSection(ProjectConfigurationPlatforms) = postSolution
		{B0000000-0000-0000-0000-000000000001}.Debug|Any CPU.ActiveCfg = Debug|Any CPU
		{B0000000-0000-0000-0000-000000000001}.Debug|Any CPU.Build.0 = Debug|Any CPU
		{B0000000-0000-0000-0000-000000000001}.Release|Any CPU.ActiveCfg = Release|Any CPU
		{B0000000-0000-0000-0000-000000000001}.Release|Any CPU.Build.0 = Release|Any CPU
		{B0000000-0000-0000-0000-000000000002}.Debug|Any CPU.ActiveCfg = Debug|Any CPU
		{B0000000-0000-0000-0000-000000000002}.Debug|Any CPU.Build.0 = Debug|Any CPU
		{B0000000-0000-0000-0000-000000000002}.Release|Any CPU.ActiveCfg = Release|Any CPU
		{B0000000-0000-0000-0000-000000000002}.Release|Any CPU.Build.0 = Release|Any CPU
		{B0000000-0000-0000-0000-000000000003}.Debug|Any CPU.ActiveCfg = Debug|Any CPU
		{B0000000-0000-0000-0000-000000000003}.Debug|Any CPU.Build.0 = Debug|Any CPU
		{B0000000-0000-0000-0000-000000000003}.Release|Any CPU.ActiveCfg = Release|Any CPU
		{B0000000-0000-0000-0000-000000000003}.Release|Any CPU.Build.0 = Release|Any CPU
		{C0000000-0000-0000-0000-000000000001}.Debug|Any CPU.ActiveCfg = Debug|Any CPU
		{C0000000-0000-0000-0000-000000000001}.Debug|Any CPU.Build.0 = Debug|Any CPU
		{C0000000-0000-0000-0000-000000000001}.Release|Any CPU.ActiveCfg = Release|Any CPU
		{C0000000-0000-0000-0000-000000000001}.Release|Any CPU.Build.0 = Release|Any CPU
		{C0000000-0000-0000-0000-000000000002}.Debug|Any CPU.ActiveCfg = Debug|Any CPU
		{C0000000-0000-0000-0000-000000000002}.Debug|Any CPU.Build.0 = Debug|Any CPU
		{C0000000-0000-0000-0000-000000000002}.Release|Any CPU.ActiveCfg = Release|Any CPU
		{C0000000-0000-0000-0000-000000000002}.Release|Any CPU.Build.0 = Release|Any CPU
		{C0000000-0000-0000-0000-000000000003}.Debug|Any CPU.ActiveCfg = Debug|Any CPU
		{C0000000-0000-0000-0000-000000000003}.Debug|Any CPU.Build.0 = Debug|Any CPU
		{C0000000-0000-0000-0000-000000000003}.Release|Any CPU.ActiveCfg = Release|Any CPU
		{C0000000-0000-0000-0000-000000000003}.Release|Any CPU.Build.0 = Release|Any CPU
		{C0000000-0000-0000-0000-000000000004}.Debug|Any CPU.ActiveCfg = Debug|Any CPU
		{C0000000-0000-0000-0000-000000000004}.Debug|Any CPU.Build.0 = Debug|Any CPU
		{C0000000-0000-0000-0000-000000000004}.Release|Any CPU.ActiveCfg = Release|Any CPU
		{C0000000-0000-0000-0000-000000000004}.Release|Any CPU.Build.0 = Release|Any CPU
		{D0000000-0000-0000-0000-000000000001}.Debug|Any CPU.ActiveCfg = Debug|Any CPU
		{D0000000-0000-0000-0000-000000000001}.Debug|Any CPU.Build.0 = Debug|Any CPU
		{D0000000-0000-0000-0000-000000000001}.Release|Any CPU.ActiveCfg = Release|Any CPU
		{D0000000-0000-0000-0000-000000000001}.Release|Any CPU.Build.0 = Release|Any CPU
		{E0000000-0000-0000-0000-000000000001}.Debug|Any CPU.ActiveCfg = Debug|Any CPU
		{E0000000-0000-0000-0000-000000000001}.Debug|Any CPU.Build.0 = Debug|Any CPU
		{E0000000-0000-0000-0000-000000000001}.Release|Any CPU.ActiveCfg = Release|Any CPU
		{E0000000-0000-0000-0000-000000000001}.Release|Any CPU.Build.0 = Release|Any CPU
		{E0000000-0000-0000-0000-000000000002}.Debug|Any CPU.ActiveCfg = Debug|Any CPU
		{E0000000-0000-0000-0000-000000000002}.Debug|Any CPU.Build.0 = Debug|Any CPU
		{E0000000-0000-0000-0000-000000000002}.Release|Any CPU.ActiveCfg = Release|Any CPU
		{E0000000-0000-0000-0000-000000000002}.Release|Any CPU.Build.0 = Release|Any CPU
		{E0000000-0000-0000-0000-000000000003}.Debug|Any CPU.ActiveCfg = Debug|Any CPU
		{E0000000-0000-0000-0000-000000000003}.Debug|Any CPU.Build.0 = Debug|Any CPU
		{E0000000-0000-0000-0000-000000000003}.Release|Any CPU.ActiveCfg = Release|Any CPU
		{E0000000-0000-0000-0000-000000000003}.Release|Any CPU.Build.0 = Release|Any CPU
		{E0000000-0000-0000-0000-000000000004}.Debug|Any CPU.ActiveCfg = Debug|Any CPU
		{E0000000-0000-0000-0000-000000000004}.Debug|Any CPU.Build.0 = Debug|Any CPU
		{E0000000-0000-0000-0000-000000000004}.Release|Any CPU.ActiveCfg = Release|Any CPU
		{E0000000-0000-0000-0000-000000000004}.Release|Any CPU.Build.0 = Release|Any CPU
		{F0000000-0000-0000-0000-000000000001}.Debug|Any CPU.ActiveCfg = Debug|Any CPU
		{F0000000-0000-0000-0000-000000000001}.Debug|Any CPU.Build.0 = Debug|Any CPU
		{F0000000-0000-0000-0000-000000000001}.Release|Any CPU.ActiveCfg = Release|Any CPU
		{F0000000-0000-0000-0000-000000000001}.Release|Any CPU.Build.0 = Release|Any CPU
		{F0000000-0000-0000-0000-000000000002}.Debug|Any CPU.ActiveCfg = Debug|Any CPU
		{F0000000-0000-0000-0000-000000000002}.Debug|Any CPU.Build.0 = Debug|Any CPU
		{F0000000-0000-0000-0000-000000000002}.Release|Any CPU.ActiveCfg = Release|Any CPU
		{F0000000-0000-0000-0000-000000000002}.Release|Any CPU.Build.0 = Release|Any CPU
		{F0000000-0000-0000-0000-000000000003}.Debug|Any CPU.ActiveCfg = Debug|Any CPU
		{F0000000-0000-0000-0000-000000000003}.Debug|Any CPU.Build.0 = Debug|Any CPU
		{F0000000-0000-0000-0000-000000000003}.Release|Any CPU.ActiveCfg = Release|Any CPU
		{F0000000-0000-0000-0000-000000000003}.Release|Any CPU.Build.0 = Release|Any CPU
		{F0000000-0000-0000-0000-000000000004}.Debug|Any CPU.ActiveCfg = Debug|Any CPU
		{F0000000-0000-0000-0000-000000000004}.Debug|Any CPU.Build.0 = Debug|Any CPU
		{F0000000-0000-0000-0000-000000000004}.Release|Any CPU.ActiveCfg = Release|Any CPU
		{F0000000-0000-0000-0000-000000000004}.Release|Any CPU.Build.0 = Release|Any CPU
		{10000000-0000-0000-0000-000000000001}.Debug|Any CPU.ActiveCfg = Debug|Any CPU
		{10000000-0000-0000-0000-000000000001}.Debug|Any CPU.Build.0 = Debug|Any CPU
		{10000000-0000-0000-0000-000000000001}.Release|Any CPU.ActiveCfg = Release|Any CPU
		{10000000-0000-0000-0000-000000000001}.Release|Any CPU.Build.0 = Release|Any CPU
		{10000000-0000-0000-0000-000000000002}.Debug|Any CPU.ActiveCfg = Debug|Any CPU
		{10000000-0000-0000-0000-000000000002}.Debug|Any CPU.Build.0 = Debug|Any CPU
		{10000000-0000-0000-0000-000000000002}.Release|Any CPU.ActiveCfg = Release|Any CPU
		{10000000-0000-0000-0000-000000000002}.Release|Any CPU.Build.0 = Release|Any CPU
		{10000000-0000-0000-0000-000000000003}.Debug|Any CPU.ActiveCfg = Debug|Any CPU
		{10000000-0000-0000-0000-000000000003}.Debug|Any CPU.Build.0 = Debug|Any CPU
		{10000000-0000-0000-0000-000000000003}.Release|Any CPU.ActiveCfg = Release|Any CPU
		{10000000-0000-0000-0000-000000000003}.Release|Any CPU.Build.0 = Release|Any CPU
		{10000000-0000-0000-0000-000000000004}.Debug|Any CPU.ActiveCfg = Debug|Any CPU
		{10000000-0000-0000-0000-000000000004}.Debug|Any CPU.Build.0 = Debug|Any CPU
		{10000000-0000-0000-0000-000000000004}.Release|Any CPU.ActiveCfg = Release|Any CPU
		{10000000-0000-0000-0000-000000000004}.Release|Any CPU.Build.0 = Release|Any CPU
		{11000000-0000-0000-0000-000000000001}.Debug|Any CPU.ActiveCfg = Debug|Any CPU
		{11000000-0000-0000-0000-000000000001}.Debug|Any CPU.Build.0 = Debug|Any CPU
		{11000000-0000-0000-0000-000000000001}.Release|Any CPU.ActiveCfg = Release|Any CPU
		{11000000-0000-0000-0000-000000000001}.Release|Any CPU.Build.0 = Release|Any CPU
		{11000000-0000-0000-0000-000000000002}.Debug|Any CPU.ActiveCfg = Debug|Any CPU
		{11000000-0000-0000-0000-000000000002}.Debug|Any CPU.Build.0 = Debug|Any CPU
		{11000000-0000-0000-0000-000000000002}.Release|Any CPU.ActiveCfg = Release|Any CPU
		{11000000-0000-0000-0000-000000000002}.Release|Any CPU.Build.0 = Release|Any CPU
		{11000000-0000-0000-0000-000000000003}.Debug|Any CPU.ActiveCfg = Debug|Any CPU
		{11000000-0000-0000-0000-000000000003}.Debug|Any CPU.Build.0 = Debug|Any CPU
		{11000000-0000-0000-0000-000000000003}.Release|Any CPU.ActiveCfg = Release|Any CPU
		{11000000-0000-0000-0000-000000000003}.Release|Any CPU.Build.0 = Release|Any CPU
		{11000000-0000-0000-0000-000000000004}.Debug|Any CPU.ActiveCfg = Debug|Any CPU
		{11000000-0000-0000-0000-000000000004}.Debug|Any CPU.Build.0 = Debug|Any CPU
		{11000000-0000-0000-0000-000000000004}.Release|Any CPU.ActiveCfg = Release|Any CPU
		{11000000-0000-0000-0000-000000000004}.Release|Any CPU.Build.0 = Release|Any CPU
		{12000000-0000-0000-0000-000000000001}.Debug|Any CPU.ActiveCfg = Debug|Any CPU
		{12000000-0000-0000-0000-000000000001}.Debug|Any CPU.Build.0 = Debug|Any CPU
		{12000000-0000-0000-0000-000000000001}.Release|Any CPU.ActiveCfg = Release|Any CPU
		{12000000-0000-0000-0000-000000000001}.Release|Any CPU.Build.0 = Release|Any CPU
		{12000000-0000-0000-0000-000000000002}.Debug|Any CPU.ActiveCfg = Debug|Any CPU
		{12000000-0000-0000-0000-000000000002}.Debug|Any CPU.Build.0 = Debug|Any CPU
		{12000000-0000-0000-0000-000000000002}.Release|Any CPU.ActiveCfg = Release|Any CPU
		{12000000-0000-0000-0000-000000000002}.Release|Any CPU.Build.0 = Release|Any CPU
		{12000000-0000-0000-0000-000000000003}.Debug|Any CPU.ActiveCfg = Debug|Any CPU
		{12000000-0000-0000-0000-000000000003}.Debug|Any CPU.Build.0 = Debug|Any CPU
		{12000000-0000-0000-0000-000000000003}.Release|Any CPU.ActiveCfg = Release|Any CPU
		{12000000-0000-0000-0000-000000000003}.Release|Any CPU.Build.0 = Release|Any CPU
		{12000000-0000-0000-0000-000000000004}.Debug|Any CPU.ActiveCfg = Debug|Any CPU
		{12000000-0000-0000-0000-000000000004}.Debug|Any CPU.Build.0 = Debug|Any CPU
		{12000000-0000-0000-0000-000000000004}.Release|Any CPU.ActiveCfg = Release|Any CPU
		{12000000-0000-0000-0000-000000000004}.Release|Any CPU.Build.0 = Release|Any CPU
		{13000000-0000-0000-0000-000000000001}.Debug|Any CPU.ActiveCfg = Debug|Any CPU
		{13000000-0000-0000-0000-000000000001}.Debug|Any CPU.Build.0 = Debug|Any CPU
		{13000000-0000-0000-0000-000000000001}.Release|Any CPU.ActiveCfg = Release|Any CPU
		{13000000-0000-0000-0000-000000000001}.Release|Any CPU.Build.0 = Release|Any CPU
		{14000000-0000-0000-0000-000000000001}.Debug|Any CPU.ActiveCfg = Debug|Any CPU
		{14000000-0000-0000-0000-000000000001}.Debug|Any CPU.Build.0 = Debug|Any CPU
		{14000000-0000-0000-0000-000000000001}.Release|Any CPU.ActiveCfg = Release|Any CPU
		{14000000-0000-0000-0000-000000000001}.Release|Any CPU.Build.0 = Release|Any CPU
		{14000000-0000-0000-0000-000000000002}.Debug|Any CPU.ActiveCfg = Debug|Any CPU
		{14000000-0000-0000-0000-000000000002}.Debug|Any CPU.Build.0 = Debug|Any CPU
		{14000000-0000-0000-0000-000000000002}.Release|Any CPU.ActiveCfg = Release|Any CPU
		{14000000-0000-0000-0000-000000000002}.Release|Any CPU.Build.0 = Release|Any CPU
		{14000000-0000-0000-0000-000000000003}.Debug|Any CPU.ActiveCfg = Debug|Any CPU
		{14000000-0000-0000-0000-000000000003}.Debug|Any CPU.Build.0 = Debug|Any CPU
		{14000000-0000-0000-0000-000000000003}.Release|Any CPU.ActiveCfg = Release|Any CPU
		{14000000-0000-0000-0000-000000000003}.Release|Any CPU.Build.0 = Release|Any CPU
		{14000000-0000-0000-0000-000000000004}.Debug|Any CPU.ActiveCfg = Debug|Any CPU
		{14000000-0000-0000-0000-000000000004}.Debug|Any CPU.Build.0 = Debug|Any CPU
		{14000000-0000-0000-0000-000000000004}.Release|Any CPU.ActiveCfg = Release|Any CPU
		{14000000-0000-0000-0000-000000000004}.Release|Any CPU.Build.0 = Release|Any CPU
		{15000000-0000-0000-0000-000000000001}.Debug|Any CPU.ActiveCfg = Debug|Any CPU
		{15000000-0000-0000-0000-000000000001}.Debug|Any CPU.Build.0 = Debug|Any CPU
		{15000000-0000-0000-0000-000000000001}.Release|Any CPU.ActiveCfg = Release|Any CPU
		{15000000-0000-0000-0000-000000000001}.Release|Any CPU.Build.0 = Release|Any CPU
		{15000000-0000-0000-0000-000000000002}.Debug|Any CPU.ActiveCfg = Debug|Any CPU
		{15000000-0000-0000-0000-000000000002}.Debug|Any CPU.Build.0 = Debug|Any CPU
		{15000000-0000-0000-0000-000000000002}.Release|Any CPU.ActiveCfg = Release|Any CPU
		{15000000-0000-0000-0000-000000000002}.Release|Any CPU.Build.0 = Release|Any CPU
		{15000000-0000-0000-0000-000000000003}.Debug|Any CPU.ActiveCfg = Debug|Any CPU
		{15000000-0000-0000-0000-000000000003}.Debug|Any CPU.Build.0 = Debug|Any CPU
		{15000000-0000-0000-0000-000000000003}.Release|Any CPU.ActiveCfg = Release|Any CPU
		{15000000-0000-0000-0000-000000000003}.Release|Any CPU.Build.0 = Release|Any CPU
		{15000000-0000-0000-0000-000000000004}.Debug|Any CPU.ActiveCfg = Debug|Any CPU
		{15000000-0000-0000-0000-000000000004}.Debug|Any CPU.Build.0 = Debug|Any CPU
		{15000000-0000-0000-0000-000000000004}.Release|Any CPU.ActiveCfg = Release|Any CPU
		{15000000-0000-0000-0000-000000000004}.Release|Any CPU.Build.0 = Release|Any CPU
		{16000000-0000-0000-0000-000000000001}.Debug|Any CPU.ActiveCfg = Debug|Any CPU
		{16000000-0000-0000-0000-000000000001}.Debug|Any CPU.Build.0 = Debug|Any CPU
		{16000000-0000-0000-0000-000000000001}.Release|Any CPU.ActiveCfg = Release|Any CPU
		{16000000-0000-0000-0000-000000000001}.Release|Any CPU.Build.0 = Release|Any CPU
		{16000000-0000-0000-0000-000000000002}.Debug|Any CPU.ActiveCfg = Debug|Any CPU
		{16000000-0000-0000-0000-000000000002}.Debug|Any CPU.Build.0 = Debug|Any CPU
		{16000000-0000-0000-0000-000000000002}.Release|Any CPU.ActiveCfg = Release|Any CPU
		{16000000-0000-0000-0000-000000000002}.Release|Any CPU.Build.0 = Release|Any CPU
		{16000000-0000-0000-0000-000000000003}.Debug|Any CPU.ActiveCfg = Debug|Any CPU
		{16000000-0000-0000-0000-000000000003}.Debug|Any CPU.Build.0 = Debug|Any CPU
		{16000000-0000-0000-0000-000000000003}.Release|Any CPU.ActiveCfg = Release|Any CPU
		{16000000-0000-0000-0000-000000000003}.Release|Any CPU.Build.0 = Release|Any CPU
		{16000000-0000-0000-0000-000000000004}.Debug|Any CPU.ActiveCfg = Debug|Any CPU
		{16000000-0000-0000-0000-000000000004}.Debug|Any CPU.Build.0 = Debug|Any CPU
		{16000000-0000-0000-0000-000000000004}.Release|Any CPU.ActiveCfg = Release|Any CPU
		{16000000-0000-0000-0000-000000000004}.Release|Any CPU.Build.0 = Release|Any CPU
		{17000000-0000-0000-0000-000000000001}.Debug|Any CPU.ActiveCfg = Debug|Any CPU
		{17000000-0000-0000-0000-000000000001}.Debug|Any CPU.Build.0 = Debug|Any CPU
		{17000000-0000-0000-0000-000000000001}.Release|Any CPU.ActiveCfg = Release|Any CPU
		{17000000-0000-0000-0000-000000000001}.Release|Any CPU.Build.0 = Release|Any CPU
		{17000000-0000-0000-0000-000000000002}.Debug|Any CPU.ActiveCfg = Debug|Any CPU
		{17000000-0000-0000-0000-000000000002}.Debug|Any CPU.Build.0 = Debug|Any CPU
		{17000000-0000-0000-0000-000000000002}.Release|Any CPU.ActiveCfg = Release|Any CPU
		{17000000-0000-0000-0000-000000000002}.Release|Any CPU.Build.0 = Release|Any CPU
		{17000000-0000-0000-0000-000000000003}.Debug|Any CPU.ActiveCfg = Debug|Any CPU
		{17000000-0000-0000-0000-000000000003}.Debug|Any CPU.Build.0 = Debug|Any CPU
		{17000000-0000-0000-0000-000000000003}.Release|Any CPU.ActiveCfg = Release|Any CPU
		{17000000-0000-0000-0000-000000000003}.Release|Any CPU.Build.0 = Release|Any CPU
		{17000000-0000-0000-0000-000000000004}.Debug|Any CPU.ActiveCfg = Debug|Any CPU
		{17000000-0000-0000-0000-000000000004}.Debug|Any CPU.Build.0 = Debug|Any CPU
		{17000000-0000-0000-0000-000000000004}.Release|Any CPU.ActiveCfg = Release|Any CPU
		{17000000-0000-0000-0000-000000000004}.Release|Any CPU.Build.0 = Release|Any CPU
		{18000000-0000-0000-0000-000000000001}.Debug|Any CPU.ActiveCfg = Debug|Any CPU
		{18000000-0000-0000-0000-000000000001}.Debug|Any CPU.Build.0 = Debug|Any CPU
		{18000000-0000-0000-0000-000000000001}.Release|Any CPU.ActiveCfg = Release|Any CPU
		{18000000-0000-0000-0000-000000000001}.Release|Any CPU.Build.0 = Release|Any CPU
	EndGlobalSection
	GlobalSection(SolutionProperties) = preSolution
		HideSolutionNode = FALSE
	EndGlobalSection
	GlobalSection(NestedProjects) = preSolution
		{B0000000-0000-0000-0000-000000000001} = {A0000000-0000-0000-0000-000000000001}
		{B0000000-0000-0000-0000-000000000002} = {A0000000-0000-0000-0000-000000000001}
		{B0000000-0000-0000-0000-000000000003} = {A0000000-0000-0000-0000-000000000001}
		{A0000000-0000-0000-0000-000000000003} = {A0000000-0000-0000-0000-000000000002}
		{C0000000-0000-0000-0000-000000000001} = {A0000000-0000-0000-0000-000000000003}
		{C0000000-0000-0000-0000-000000000002} = {A0000000-0000-0000-0000-000000000003}
		{C0000000-0000-0000-0000-000000000003} = {A0000000-0000-0000-0000-000000000003}
		{C0000000-0000-0000-0000-000000000004} = {A0000000-0000-0000-0000-000000000003}
		{A0000000-0000-0000-0000-000000000005} = {A0000000-0000-0000-0000-000000000002}
		{E0000000-0000-0000-0000-000000000001} = {A0000000-0000-0000-0000-000000000005}
		{E0000000-0000-0000-0000-000000000002} = {A0000000-0000-0000-0000-000000000005}
		{E0000000-0000-0000-0000-000000000003} = {A0000000-0000-0000-0000-000000000005}
		{E0000000-0000-0000-0000-000000000004} = {A0000000-0000-0000-0000-000000000005}
		{A0000000-0000-0000-0000-000000000006} = {A0000000-0000-0000-0000-000000000002}
		{F0000000-0000-0000-0000-000000000001} = {A0000000-0000-0000-0000-000000000006}
		{F0000000-0000-0000-0000-000000000002} = {A0000000-0000-0000-0000-000000000006}
		{F0000000-0000-0000-0000-000000000003} = {A0000000-0000-0000-0000-000000000006}
		{F0000000-0000-0000-0000-000000000004} = {A0000000-0000-0000-0000-000000000006}
		{A0000000-0000-0000-0000-000000000007} = {A0000000-0000-0000-0000-000000000002}
		{10000000-0000-0000-0000-000000000001} = {A0000000-0000-0000-0000-000000000007}
		{10000000-0000-0000-0000-000000000002} = {A0000000-0000-0000-0000-000000000007}
		{10000000-0000-0000-0000-000000000003} = {A0000000-0000-0000-0000-000000000007}
		{10000000-0000-0000-0000-000000000004} = {A0000000-0000-0000-0000-000000000007}
		{A0000000-0000-0000-0000-000000000008} = {A0000000-0000-0000-0000-000000000002}
		{11000000-0000-0000-0000-000000000001} = {A0000000-0000-0000-0000-000000000008}
		{11000000-0000-0000-0000-000000000002} = {A0000000-0000-0000-0000-000000000008}
		{11000000-0000-0000-0000-000000000003} = {A0000000-0000-0000-0000-000000000008}
		{11000000-0000-0000-0000-000000000004} = {A0000000-0000-0000-0000-000000000008}
		{A0000000-0000-0000-0000-000000000009} = {A0000000-0000-0000-0000-000000000002}
		{12000000-0000-0000-0000-000000000001} = {A0000000-0000-0000-0000-000000000009}
		{12000000-0000-0000-0000-000000000002} = {A0000000-0000-0000-0000-000000000009}
		{12000000-0000-0000-0000-000000000003} = {A0000000-0000-0000-0000-000000000009}
		{12000000-0000-0000-0000-000000000004} = {A0000000-0000-0000-0000-000000000009}
		{A0000000-0000-0000-0000-00000000000A} = {A0000000-0000-0000-0000-000000000002}
		{13000000-0000-0000-0000-000000000001} = {A0000000-0000-0000-0000-00000000000A}
		{A0000000-0000-0000-0000-00000000000B} = {A0000000-0000-0000-0000-000000000002}
		{14000000-0000-0000-0000-000000000001} = {A0000000-0000-0000-0000-00000000000B}
		{14000000-0000-0000-0000-000000000002} = {A0000000-0000-0000-0000-00000000000B}
		{14000000-0000-0000-0000-000000000003} = {A0000000-0000-0000-0000-00000000000B}
		{14000000-0000-0000-0000-000000000004} = {A0000000-0000-0000-0000-00000000000B}
		{A0000000-0000-0000-0000-00000000000C} = {A0000000-0000-0000-0000-000000000002}
		{15000000-0000-0000-0000-000000000001} = {A0000000-0000-0000-0000-00000000000C}
		{15000000-0000-0000-0000-000000000002} = {A0000000-0000-0000-0000-00000000000C}
		{15000000-0000-0000-0000-000000000003} = {A0000000-0000-0000-0000-00000000000C}
		{15000000-0000-0000-0000-000000000004} = {A0000000-0000-0000-0000-00000000000C}
		{A0000000-0000-0000-0000-00000000000D} = {A0000000-0000-0000-0000-000000000002}
		{16000000-0000-0000-0000-000000000001} = {A0000000-0000-0000-0000-00000000000D}
		{16000000-0000-0000-0000-000000000002} = {A0000000-0000-0000-0000-00000000000D}
		{16000000-0000-0000-0000-000000000003} = {A0000000-0000-0000-0000-00000000000D}
		{16000000-0000-0000-0000-000000000004} = {A0000000-0000-0000-0000-00000000000D}
		{A0000000-0000-0000-0000-00000000000E} = {A0000000-0000-0000-0000-000000000002}
		{17000000-0000-0000-0000-000000000001} = {A0000000-0000-0000-0000-00000000000E}
		{17000000-0000-0000-0000-000000000002} = {A0000000-0000-0000-0000-00000000000E}
		{17000000-0000-0000-0000-000000000003} = {A0000000-0000-0000-0000-00000000000E}
		{17000000-0000-0000-0000-000000000004} = {A0000000-0000-0000-0000-00000000000E}
		{D0000000-0000-0000-0000-000000000001} = {A0000000-0000-0000-0000-000000000004}
		{18000000-0000-0000-0000-000000000001} = {A0000000-0000-0000-0000-00000000000F}
	EndGlobalSection
EndGlobal
